// !$*UTF8*$!
{
	archiveVersion = 1;
	classes = {
	};
	objectVersion = 46;
	objects = {

/* Begin PBXBuildFile section */
		1CF2251D18D9328500C46886 /* Foundation.framework in Frameworks */ = {isa = PBXBuildFile; fileRef = 1CF2251C18D9328500C46886 /* Foundation.framework */; };
		1CF2251F18D9328500C46886 /* CoreGraphics.framework in Frameworks */ = {isa = PBXBuildFile; fileRef = 1CF2251E18D9328500C46886 /* CoreGraphics.framework */; };
		1CF2252118D9328500C46886 /* UIKit.framework in Frameworks */ = {isa = PBXBuildFile; fileRef = 1CF2252018D9328500C46886 /* UIKit.framework */; };
		1CF2252718D9328600C46886 /* InfoPlist.strings in Resources */ = {isa = PBXBuildFile; fileRef = 1CF2252518D9328600C46886 /* InfoPlist.strings */; };
		1CF2252918D9328600C46886 /* main.m in Sources */ = {isa = PBXBuildFile; fileRef = 1CF2252818D9328600C46886 /* main.m */; };
		1CF2252D18D9328600C46886 /* LSAppDelegate.m in Sources */ = {isa = PBXBuildFile; fileRef = 1CF2252C18D9328600C46886 /* LSAppDelegate.m */; };
		1CF2253018D9328700C46886 /* Main.storyboard in Resources */ = {isa = PBXBuildFile; fileRef = 1CF2252E18D9328700C46886 /* Main.storyboard */; };
		1CF2253318D9328700C46886 /* LSViewController.m in Sources */ = {isa = PBXBuildFile; fileRef = 1CF2253218D9328700C46886 /* LSViewController.m */; };
		1CF2253518D9328700C46886 /* Images.xcassets in Resources */ = {isa = PBXBuildFile; fileRef = 1CF2253418D9328700C46886 /* Images.xcassets */; };
		1CF2253C18D9328800C46886 /* XCTest.framework in Frameworks */ = {isa = PBXBuildFile; fileRef = 1CF2253B18D9328700C46886 /* XCTest.framework */; };
		1CF2253D18D9328800C46886 /* Foundation.framework in Frameworks */ = {isa = PBXBuildFile; fileRef = 1CF2251C18D9328500C46886 /* Foundation.framework */; };
		1CF2253E18D9328800C46886 /* UIKit.framework in Frameworks */ = {isa = PBXBuildFile; fileRef = 1CF2252018D9328500C46886 /* UIKit.framework */; };
		1CF2254618D9328800C46886 /* InfoPlist.strings in Resources */ = {isa = PBXBuildFile; fileRef = 1CF2254418D9328800C46886 /* InfoPlist.strings */; };
		1CF2254818D9328800C46886 /* LSFontTestTests.m in Sources */ = {isa = PBXBuildFile; fileRef = 1CF2254718D9328800C46886 /* LSFontTestTests.m */; };
		1CF2255318D9372300C46886 /* UIFont+CustomStyles.m in Sources */ = {isa = PBXBuildFile; fileRef = 1CF2255218D9372300C46886 /* UIFont+CustomStyles.m */; };
/* End PBXBuildFile section */

/* Begin PBXContainerItemProxy section */
		1CF2253F18D9328800C46886 /* PBXContainerItemProxy */ = {
			isa = PBXContainerItemProxy;
			containerPortal = 1CF2251118D9328400C46886 /* Project object */;
			proxyType = 1;
			remoteGlobalIDString = 1CF2251818D9328500C46886;
			remoteInfo = LSFontTest;
		};
/* End PBXContainerItemProxy section */

/* Begin PBXFileReference section */
		1CF2251918D9328500C46886 /* LSFontTest.app */ = {isa = PBXFileReference; explicitFileType = wrapper.application; includeInIndex = 0; path = LSFontTest.app; sourceTree = BUILT_PRODUCTS_DIR; };
		1CF2251C18D9328500C46886 /* Foundation.framework */ = {isa = PBXFileReference; lastKnownFileType = wrapper.framework; name = Foundation.framework; path = System/Library/Frameworks/Foundation.framework; sourceTree = SDKROOT; };
		1CF2251E18D9328500C46886 /* CoreGraphics.framework */ = {isa = PBXFileReference; lastKnownFileType = wrapper.framework; name = CoreGraphics.framework; path = System/Library/Frameworks/CoreGraphics.framework; sourceTree = SDKROOT; };
		1CF2252018D9328500C46886 /* UIKit.framework */ = {isa = PBXFileReference; lastKnownFileType = wrapper.framework; name = UIKit.framework; path = System/Library/Frameworks/UIKit.framework; sourceTree = SDKROOT; };
		1CF2252418D9328600C46886 /* LSFontTest-Info.plist */ = {isa = PBXFileReference; lastKnownFileType = text.plist.xml; path = "LSFontTest-Info.plist"; sourceTree = "<group>"; };
		1CF2252618D9328600C46886 /* en */ = {isa = PBXFileReference; lastKnownFileType = text.plist.strings; name = en; path = en.lproj/InfoPlist.strings; sourceTree = "<group>"; };
		1CF2252818D9328600C46886 /* main.m */ = {isa = PBXFileReference; lastKnownFileType = sourcecode.c.objc; path = main.m; sourceTree = "<group>"; };
		1CF2252A18D9328600C46886 /* LSFontTest-Prefix.pch */ = {isa = PBXFileReference; lastKnownFileType = sourcecode.c.h; path = "LSFontTest-Prefix.pch"; sourceTree = "<group>"; };
		1CF2252B18D9328600C46886 /* LSAppDelegate.h */ = {isa = PBXFileReference; lastKnownFileType = sourcecode.c.h; path = LSAppDelegate.h; sourceTree = "<group>"; };
		1CF2252C18D9328600C46886 /* LSAppDelegate.m */ = {isa = PBXFileReference; lastKnownFileType = sourcecode.c.objc; path = LSAppDelegate.m; sourceTree = "<group>"; };
		1CF2252F18D9328700C46886 /* Base */ = {isa = PBXFileReference; lastKnownFileType = file.storyboard; name = Base; path = Base.lproj/Main.storyboard; sourceTree = "<group>"; };
		1CF2253118D9328700C46886 /* LSViewController.h */ = {isa = PBXFileReference; lastKnownFileType = sourcecode.c.h; path = LSViewController.h; sourceTree = "<group>"; };
		1CF2253218D9328700C46886 /* LSViewController.m */ = {isa = PBXFileReference; lastKnownFileType = sourcecode.c.objc; path = LSViewController.m; sourceTree = "<group>"; };
		1CF2253418D9328700C46886 /* Images.xcassets */ = {isa = PBXFileReference; lastKnownFileType = folder.assetcatalog; path = Images.xcassets; sourceTree = "<group>"; };
		1CF2253A18D9328700C46886 /* LSFontTestTests.xctest */ = {isa = PBXFileReference; explicitFileType = wrapper.cfbundle; includeInIndex = 0; path = LSFontTestTests.xctest; sourceTree = BUILT_PRODUCTS_DIR; };
		1CF2253B18D9328700C46886 /* XCTest.framework */ = {isa = PBXFileReference; lastKnownFileType = wrapper.framework; name = XCTest.framework; path = Library/Frameworks/XCTest.framework; sourceTree = DEVELOPER_DIR; };
		1CF2254318D9328800C46886 /* LSFontTestTests-Info.plist */ = {isa = PBXFileReference; lastKnownFileType = text.plist.xml; path = "LSFontTestTests-Info.plist"; sourceTree = "<group>"; };
		1CF2254518D9328800C46886 /* en */ = {isa = PBXFileReference; lastKnownFileType = text.plist.strings; name = en; path = en.lproj/InfoPlist.strings; sourceTree = "<group>"; };
		1CF2254718D9328800C46886 /* LSFontTestTests.m */ = {isa = PBXFileReference; lastKnownFileType = sourcecode.c.objc; path = LSFontTestTests.m; sourceTree = "<group>"; };
		1CF2255118D9372300C46886 /* UIFont+CustomStyles.h */ = {isa = PBXFileReference; fileEncoding = 4; lastKnownFileType = sourcecode.c.h; path = "UIFont+CustomStyles.h"; sourceTree = "<group>"; };
		1CF2255218D9372300C46886 /* UIFont+CustomStyles.m */ = {isa = PBXFileReference; fileEncoding = 4; lastKnownFileType = sourcecode.c.objc; path = "UIFont+CustomStyles.m"; sourceTree = "<group>"; };
/* End PBXFileReference section */

/* Begin PBXFrameworksBuildPhase section */
		1CF2251618D9328500C46886 /* Frameworks */ = {
			isa = PBXFrameworksBuildPhase;
			buildActionMask = 2147483647;
			files = (
				1CF2251F18D9328500C46886 /* CoreGraphics.framework in Frameworks */,
				1CF2252118D9328500C46886 /* UIKit.framework in Frameworks */,
				1CF2251D18D9328500C46886 /* Foundation.framework in Frameworks */,
			);
			runOnlyForDeploymentPostprocessing = 0;
		};
		1CF2253718D9328700C46886 /* Frameworks */ = {
			isa = PBXFrameworksBuildPhase;
			buildActionMask = 2147483647;
			files = (
				1CF2253C18D9328800C46886 /* XCTest.framework in Frameworks */,
				1CF2253E18D9328800C46886 /* UIKit.framework in Frameworks */,
				1CF2253D18D9328800C46886 /* Foundation.framework in Frameworks */,
			);
			runOnlyForDeploymentPostprocessing = 0;
		};
/* End PBXFrameworksBuildPhase section */

/* Begin PBXGroup section */
		1CF2251018D9328400C46886 = {
			isa = PBXGroup;
			children = (
				1CF2252218D9328500C46886 /* LSFontTest */,
				1CF2254118D9328800C46886 /* LSFontTestTests */,
				1CF2251B18D9328500C46886 /* Frameworks */,
				1CF2251A18D9328500C46886 /* Products */,
			);
			sourceTree = "<group>";
		};
		1CF2251A18D9328500C46886 /* Products */ = {
			isa = PBXGroup;
			children = (
				1CF2251918D9328500C46886 /* LSFontTest.app */,
				1CF2253A18D9328700C46886 /* LSFontTestTests.xctest */,
			);
			name = Products;
			sourceTree = "<group>";
		};
		1CF2251B18D9328500C46886 /* Frameworks */ = {
			isa = PBXGroup;
			children = (
				1CF2251C18D9328500C46886 /* Foundation.framework */,
				1CF2251E18D9328500C46886 /* CoreGraphics.framework */,
				1CF2252018D9328500C46886 /* UIKit.framework */,
				1CF2253B18D9328700C46886 /* XCTest.framework */,
			);
			name = Frameworks;
			sourceTree = "<group>";
		};
		1CF2252218D9328500C46886 /* LSFontTest */ = {
			isa = PBXGroup;
			children = (
				1CF2252B18D9328600C46886 /* LSAppDelegate.h */,
				1CF2252C18D9328600C46886 /* LSAppDelegate.m */,
				1CF2252E18D9328700C46886 /* Main.storyboard */,
				1CF2253118D9328700C46886 /* LSViewController.h */,
				1CF2253218D9328700C46886 /* LSViewController.m */,
				1CF2255118D9372300C46886 /* UIFont+CustomStyles.h */,
				1CF2255218D9372300C46886 /* UIFont+CustomStyles.m */,
				1CF2253418D9328700C46886 /* Images.xcassets */,
				1CF2252318D9328600C46886 /* Supporting Files */,
			);
			path = LSFontTest;
			sourceTree = "<group>";
		};
		1CF2252318D9328600C46886 /* Supporting Files */ = {
			isa = PBXGroup;
			children = (
				1CF2252418D9328600C46886 /* LSFontTest-Info.plist */,
				1CF2252518D9328600C46886 /* InfoPlist.strings */,
				1CF2252818D9328600C46886 /* main.m */,
				1CF2252A18D9328600C46886 /* LSFontTest-Prefix.pch */,
			);
			name = "Supporting Files";
			sourceTree = "<group>";
		};
		1CF2254118D9328800C46886 /* LSFontTestTests */ = {
			isa = PBXGroup;
			children = (
				1CF2254718D9328800C46886 /* LSFontTestTests.m */,
				1CF2254218D9328800C46886 /* Supporting Files */,
			);
			path = LSFontTestTests;
			sourceTree = "<group>";
		};
		1CF2254218D9328800C46886 /* Supporting Files */ = {
			isa = PBXGroup;
			children = (
				1CF2254318D9328800C46886 /* LSFontTestTests-Info.plist */,
				1CF2254418D9328800C46886 /* InfoPlist.strings */,
			);
			name = "Supporting Files";
			sourceTree = "<group>";
		};
/* End PBXGroup section */

/* Begin PBXNativeTarget section */
		1CF2251818D9328500C46886 /* LSFontTest */ = {
			isa = PBXNativeTarget;
			buildConfigurationList = 1CF2254B18D9328800C46886 /* Build configuration list for PBXNativeTarget "LSFontTest" */;
			buildPhases = (
				1CF2251518D9328500C46886 /* Sources */,
				1CF2251618D9328500C46886 /* Frameworks */,
				1CF2251718D9328500C46886 /* Resources */,
			);
			buildRules = (
			);
			dependencies = (
			);
			name = LSFontTest;
			productName = LSFontTest;
			productReference = 1CF2251918D9328500C46886 /* LSFontTest.app */;
			productType = "com.apple.product-type.application";
		};
		1CF2253918D9328700C46886 /* LSFontTestTests */ = {
			isa = PBXNativeTarget;
			buildConfigurationList = 1CF2254E18D9328800C46886 /* Build configuration list for PBXNativeTarget "LSFontTestTests" */;
			buildPhases = (
				1CF2253618D9328700C46886 /* Sources */,
				1CF2253718D9328700C46886 /* Frameworks */,
				1CF2253818D9328700C46886 /* Resources */,
			);
			buildRules = (
			);
			dependencies = (
				1CF2254018D9328800C46886 /* PBXTargetDependency */,
			);
			name = LSFontTestTests;
			productName = LSFontTestTests;
			productReference = 1CF2253A18D9328700C46886 /* LSFontTestTests.xctest */;
			productType = "com.apple.product-type.bundle.unit-test";
		};
/* End PBXNativeTarget section */

/* Begin PBXProject section */
		1CF2251118D9328400C46886 /* Project object */ = {
			isa = PBXProject;
			attributes = {
				CLASSPREFIX = LS;
				LastUpgradeCheck = 0510;
				ORGANIZATIONNAME = "Lunaria Software LLC";
				TargetAttributes = {
					1CF2251818D9328500C46886 = {
						DevelopmentTeam = T97TEF42TA;
					};
					1CF2253918D9328700C46886 = {
						TestTargetID = 1CF2251818D9328500C46886;
					};
				};
			};
			buildConfigurationList = 1CF2251418D9328400C46886 /* Build configuration list for PBXProject "LSFontTest" */;
			compatibilityVersion = "Xcode 3.2";
			developmentRegion = English;
			hasScannedForEncodings = 0;
			knownRegions = (
				en,
				Base,
			);
			mainGroup = 1CF2251018D9328400C46886;
			productRefGroup = 1CF2251A18D9328500C46886 /* Products */;
			projectDirPath = "";
			projectRoot = "";
			targets = (
				1CF2251818D9328500C46886 /* LSFontTest */,
				1CF2253918D9328700C46886 /* LSFontTestTests */,
			);
		};
/* End PBXProject section */

/* Begin PBXResourcesBuildPhase section */
		1CF2251718D9328500C46886 /* Resources */ = {
			isa = PBXResourcesBuildPhase;
			buildActionMask = 2147483647;
			files = (
				1CF2253518D9328700C46886 /* Images.xcassets in Resources */,
				1CF2252718D9328600C46886 /* InfoPlist.strings in Resources */,
				1CF2253018D9328700C46886 /* Main.storyboard in Resources */,
			);
			runOnlyForDeploymentPostprocessing = 0;
		};
		1CF2253818D9328700C46886 /* Resources */ = {
			isa = PBXResourcesBuildPhase;
			buildActionMask = 2147483647;
			files = (
				1CF2254618D9328800C46886 /* InfoPlist.strings in Resources */,
			);
			runOnlyForDeploymentPostprocessing = 0;
		};
/* End PBXResourcesBuildPhase section */

/* Begin PBXSourcesBuildPhase section */
		1CF2251518D9328500C46886 /* Sources */ = {
			isa = PBXSourcesBuildPhase;
			buildActionMask = 2147483647;
			files = (
				1CF2252918D9328600C46886 /* main.m in Sources */,
				1CF2252D18D9328600C46886 /* LSAppDelegate.m in Sources */,
				1CF2253318D9328700C46886 /* LSViewController.m in Sources */,
				1CF2255318D9372300C46886 /* UIFont+CustomStyles.m in Sources */,
			);
			runOnlyForDeploymentPostprocessing = 0;
		};
		1CF2253618D9328700C46886 /* Sources */ = {
			isa = PBXSourcesBuildPhase;
			buildActionMask = 2147483647;
			files = (
				1CF2254818D9328800C46886 /* LSFontTestTests.m in Sources */,
			);
			runOnlyForDeploymentPostprocessing = 0;
		};
/* End PBXSourcesBuildPhase section */

/* Begin PBXTargetDependency section */
		1CF2254018D9328800C46886 /* PBXTargetDependency */ = {
			isa = PBXTargetDependency;
			target = 1CF2251818D9328500C46886 /* LSFontTest */;
			targetProxy = 1CF2253F18D9328800C46886 /* PBXContainerItemProxy */;
		};
/* End PBXTargetDependency section */

/* Begin PBXVariantGroup section */
		1CF2252518D9328600C46886 /* InfoPlist.strings */ = {
			isa = PBXVariantGroup;
			children = (
				1CF2252618D9328600C46886 /* en */,
			);
			name = InfoPlist.strings;
			sourceTree = "<group>";
		};
		1CF2252E18D9328700C46886 /* Main.storyboard */ = {
			isa = PBXVariantGroup;
			children = (
				1CF2252F18D9328700C46886 /* Base */,
			);
			name = Main.storyboard;
			sourceTree = "<group>";
		};
		1CF2254418D9328800C46886 /* InfoPlist.strings */ = {
			isa = PBXVariantGroup;
			children = (
				1CF2254518D9328800C46886 /* en */,
			);
			name = InfoPlist.strings;
			sourceTree = "<group>";
		};
/* End PBXVariantGroup section */

/* Begin XCBuildConfiguration section */
		1CF2254918D9328800C46886 /* Debug */ = {
			isa = XCBuildConfiguration;
			buildSettings = {
				ALWAYS_SEARCH_USER_PATHS = NO;
				CLANG_CXX_LANGUAGE_STANDARD = "gnu++0x";
				CLANG_CXX_LIBRARY = "libc++";
				CLANG_ENABLE_MODULES = YES;
				CLANG_ENABLE_OBJC_ARC = YES;
				CLANG_WARN_BOOL_CONVERSION = YES;
				CLANG_WARN_CONSTANT_CONVERSION = YES;
				CLANG_WARN_DIRECT_OBJC_ISA_USAGE = YES_ERROR;
				CLANG_WARN_EMPTY_BODY = YES;
				CLANG_WARN_ENUM_CONVERSION = YES;
				CLANG_WARN_INT_CONVERSION = YES;
				CLANG_WARN_OBJC_ROOT_CLASS = YES_ERROR;
				CLANG_WARN__DUPLICATE_METHOD_MATCH = YES;
				"CODE_SIGN_IDENTITY[sdk=iphoneos*]" = "iPhone Developer";
				COPY_PHASE_STRIP = NO;
				GCC_C_LANGUAGE_STANDARD = gnu99;
				GCC_DYNAMIC_NO_PIC = NO;
				GCC_OPTIMIZATION_LEVEL = 0;
				GCC_PREPROCESSOR_DEFINITIONS = (
					"DEBUG=1",
					"$(inherited)",
				);
				GCC_SYMBOLS_PRIVATE_EXTERN = NO;
				GCC_WARN_64_TO_32_BIT_CONVERSION = YES;
				GCC_WARN_ABOUT_RETURN_TYPE = YES_ERROR;
				GCC_WARN_UNDECLARED_SELECTOR = YES;
				GCC_WARN_UNINITIALIZED_AUTOS = YES_AGGRESSIVE;
				GCC_WARN_UNUSED_FUNCTION = YES;
				GCC_WARN_UNUSED_VARIABLE = YES;
				IPHONEOS_DEPLOYMENT_TARGET = 7.1;
				ONLY_ACTIVE_ARCH = YES;
				SDKROOT = iphoneos;
			};
			name = Debug;
		};
		1CF2254A18D9328800C46886 /* Release */ = {
			isa = XCBuildConfiguration;
			buildSettings = {
				ALWAYS_SEARCH_USER_PATHS = NO;
				CLANG_CXX_LANGUAGE_STANDARD = "gnu++0x";
				CLANG_CXX_LIBRARY = "libc++";
				CLANG_ENABLE_MODULES = YES;
				CLANG_ENABLE_OBJC_ARC = YES;
				CLANG_WARN_BOOL_CONVERSION = YES;
				CLANG_WARN_CONSTANT_CONVERSION = YES;
				CLANG_WARN_DIRECT_OBJC_ISA_USAGE = YES_ERROR;
				CLANG_WARN_EMPTY_BODY = YES;
				CLANG_WARN_ENUM_CONVERSION = YES;
				CLANG_WARN_INT_CONVERSION = YES;
				CLANG_WARN_OBJC_ROOT_CLASS = YES_ERROR;
				CLANG_WARN__DUPLICATE_METHOD_MATCH = YES;
				"CODE_SIGN_IDENTITY[sdk=iphoneos*]" = "iPhone Developer";
				COPY_PHASE_STRIP = YES;
				ENABLE_NS_ASSERTIONS = NO;
				GCC_C_LANGUAGE_STANDARD = gnu99;
				GCC_WARN_64_TO_32_BIT_CONVERSION = YES;
				GCC_WARN_ABOUT_RETURN_TYPE = YES_ERROR;
				GCC_WARN_UNDECLARED_SELECTOR = YES;
				GCC_WARN_UNINITIALIZED_AUTOS = YES_AGGRESSIVE;
				GCC_WARN_UNUSED_FUNCTION = YES;
				GCC_WARN_UNUSED_VARIABLE = YES;
				IPHONEOS_DEPLOYMENT_TARGET = 7.1;
				SDKROOT = iphoneos;
				VALIDATE_PRODUCT = YES;
			};
			name = Release;
		};
		1CF2254C18D9328800C46886 /* Debug */ = {
			isa = XCBuildConfiguration;
			buildSettings = {
				ASSETCATALOG_COMPILER_APPICON_NAME = AppIcon;
				ASSETCATALOG_COMPILER_LAUNCHIMAGE_NAME = LaunchImage;
				CODE_SIGN_IDENTITY = "iPhone Developer";
				GCC_PRECOMPILE_PREFIX_HEADER = YES;
				GCC_PREFIX_HEADER = "LSFontTest/LSFontTest-Prefix.pch";
				INFOPLIST_FILE = "LSFontTest/LSFontTest-Info.plist";
				PRODUCT_NAME = "$(TARGET_NAME)";
				WRAPPER_EXTENSION = app;
			};
			name = Debug;
		};
		1CF2254D18D9328800C46886 /* Release */ = {
			isa = XCBuildConfiguration;
			buildSettings = {
				ASSETCATALOG_COMPILER_APPICON_NAME = AppIcon;
				ASSETCATALOG_COMPILER_LAUNCHIMAGE_NAME = LaunchImage;
				CODE_SIGN_IDENTITY = "iPhone Developer";
				GCC_PRECOMPILE_PREFIX_HEADER = YES;
				GCC_PREFIX_HEADER = "LSFontTest/LSFontTest-Prefix.pch";
				INFOPLIST_FILE = "LSFontTest/LSFontTest-Info.plist";
				PRODUCT_NAME = "$(TARGET_NAME)";
				WRAPPER_EXTENSION = app;
			};
			name = Release;
		};
		1CF2254F18D9328800C46886 /* Debug */ = {
			isa = XCBuildConfiguration;
			buildSettings = {
				BUNDLE_LOADER = "$(BUILT_PRODUCTS_DIR)/LSFontTest.app/LSFontTest";
				FRAMEWORK_SEARCH_PATHS = (
					"$(SDKROOT)/Developer/Library/Frameworks",
					"$(inherited)",
					"$(DEVELOPER_FRAMEWORKS_DIR)",
				);
				GCC_PRECOMPILE_PREFIX_HEADER = YES;
				GCC_PREFIX_HEADER = "LSFontTest/LSFontTest-Prefix.pch";
				GCC_PREPROCESSOR_DEFINITIONS = (
					"DEBUG=1",
					"$(inherited)",
				);
				INFOPLIST_FILE = "LSFontTestTests/LSFontTestTests-Info.plist";
				PRODUCT_NAME = "$(TARGET_NAME)";
				TEST_HOST = "$(BUNDLE_LOADER)";
				WRAPPER_EXTENSION = xctest;
			};
			name = Debug;
		};
		1CF2255018D9328800C46886 /* Release */ = {
			isa = XCBuildConfiguration;
			buildSettings = {
				BUNDLE_LOADER = "$(BUILT_PRODUCTS_DIR)/LSFontTest.app/LSFontTest";
				FRAMEWORK_SEARCH_PATHS = (
					"$(SDKROOT)/Developer/Library/Frameworks",
					"$(inherited)",
					"$(DEVELOPER_FRAMEWORKS_DIR)",
				);
				GCC_PRECOMPILE_PREFIX_HEADER = YES;
				GCC_PREFIX_HEADER = "LSFontTest/LSFontTest-Prefix.pch";
				INFOPLIST_FILE = "LSFontTestTests/LSFontTestTests-Info.plist";
				PRODUCT_NAME = "$(TARGET_NAME)";
				TEST_HOST = "$(BUNDLE_LOADER)";
				WRAPPER_EXTENSION = xctest;
			};
			name = Release;
		};
/* End XCBuildConfiguration section */

/* Begin XCConfigurationList section */
		1CF2251418D9328400C46886 /* Build configuration list for PBXProject "LSFontTest" */ = {
			isa = XCConfigurationList;
			buildConfigurations = (
				1CF2254918D9328800C46886 /* Debug */,
				1CF2254A18D9328800C46886 /* Release */,
			);
			defaultConfigurationIsVisible = 0;
			defaultConfigurationName = Release;
		};
		1CF2254B18D9328800C46886 /* Build configuration list for PBXNativeTarget "LSFontTest" */ = {
			isa = XCConfigurationList;
			buildConfigurations = (
				1CF2254C18D9328800C46886 /* Debug */,
				1CF2254D18D9328800C46886 /* Release */,
			);
			defaultConfigurationIsVisible = 0;
			defaultConfigurationName = Release;
		};
		1CF2254E18D9328800C46886 /* Build configuration list for PBXNativeTarget "LSFontTestTests" */ = {
			isa = XCConfigurationList;
			buildConfigurations = (
				1CF2254F18D9328800C46886 /* Debug */,
				1CF2255018D9328800C46886 /* Release */,
			);
			defaultConfigurationIsVisible = 0;
			defaultConfigurationName = Release;
		};
/* End XCConfigurationList section */
	};
	rootObject = 1CF2251118D9328400C46886 /* Project object */;
}
